// !$*UTF8*$!
{
	archiveVersion = 1;
	classes = {
	};
	objectVersion = 46;
	objects = {

/* Begin PBXBuildFile section */
		59B64C761B030ECD003702AC /* main.cpp in Sources */ = {isa = PBXBuildFile; fileRef = 59B64C751B030ECD003702AC /* main.cpp */; };
		59B64C7E1B030FE0003702AC /* DrOh.cpp in Sources */ = {isa = PBXBuildFile; fileRef = 59B64C7C1B030FE0003702AC /* DrOh.cpp */; };
		59B64C811B030FFD003702AC /* Student.cpp in Sources */ = {isa = PBXBuildFile; fileRef = 59B64C7F1B030FFD003702AC /* Student.cpp */; };
/* End PBXBuildFile section */

/* Begin PBXCopyFilesBuildPhase section */
		59B64C701B030ECD003702AC /* CopyFiles */ = {
			isa = PBXCopyFilesBuildPhase;
			buildActionMask = 2147483647;
			dstPath = /usr/share/man/man1/;
			dstSubfolderSpec = 0;
			files = (
			);
			runOnlyForDeploymentPostprocessing = 1;
		};
/* End PBXCopyFilesBuildPhase section */

/* Begin PBXFileReference section */
		59B64C721B030ECD003702AC /* Cpp_Study_Ex150513 */ = {isa = PBXFileReference; explicitFileType = "compiled.mach-o.executable"; includeInIndex = 0; path = Cpp_Study_Ex150513; sourceTree = BUILT_PRODUCTS_DIR; };
		59B64C751B030ECD003702AC /* main.cpp */ = {isa = PBXFileReference; lastKnownFileType = sourcecode.cpp.cpp; path = main.cpp; sourceTree = "<group>"; };
		59B64C7C1B030FE0003702AC /* DrOh.cpp */ = {isa = PBXFileReference; fileEncoding = 4; lastKnownFileType = sourcecode.cpp.cpp; path = DrOh.cpp; sourceTree = "<group>"; };
		59B64C7D1B030FE0003702AC /* DrOh.h */ = {isa = PBXFileReference; fileEncoding = 4; lastKnownFileType = sourcecode.c.h; path = DrOh.h; sourceTree = "<group>"; };
		59B64C7F1B030FFD003702AC /* Student.cpp */ = {isa = PBXFileReference; fileEncoding = 4; lastKnownFileType = sourcecode.cpp.cpp; path = Student.cpp; sourceTree = "<group>"; };
		59B64C801B030FFD003702AC /* Student.h */ = {isa = PBXFileReference; fileEncoding = 4; lastKnownFileType = sourcecode.c.h; path = Student.h; sourceTree = "<group>"; };
		59B64C821B031019003702AC /* TypeCollection.h */ = {isa = PBXFileReference; fileEncoding = 4; lastKnownFileType = sourcecode.c.h; path = TypeCollection.h; sourceTree = "<group>"; };
/* End PBXFileReference section */

/* Begin PBXFrameworksBuildPhase section */
		59B64C6F1B030ECD003702AC /* Frameworks */ = {
			isa = PBXFrameworksBuildPhase;
			buildActionMask = 2147483647;
			files = (
			);
			runOnlyForDeploymentPostprocessing = 0;
		};
/* End PBXFrameworksBuildPhase section */

/* Begin PBXGroup section */
		59B64C691B030ECD003702AC = {
			isa = PBXGroup;
			children = (
				59B64C741B030ECD003702AC /* Cpp_Study_Ex150513 */,
				59B64C731B030ECD003702AC /* Products */,
			);
			sourceTree = "<group>";
		};
		59B64C731B030ECD003702AC /* Products */ = {
			isa = PBXGroup;
			children = (
				59B64C721B030ECD003702AC /* Cpp_Study_Ex150513 */,
			);
			name = Products;
			sourceTree = "<group>";
		};
		59B64C741B030ECD003702AC /* Cpp_Study_Ex150513 */ = {
			isa = PBXGroup;
			children = (
				59B64C751B030ECD003702AC /* main.cpp */,
				59B64C7C1B030FE0003702AC /* DrOh.cpp */,
				59B64C7D1B030FE0003702AC /* DrOh.h */,
				59B64C7F1B030FFD003702AC /* Student.cpp */,
				59B64C801B030FFD003702AC /* Student.h */,
				59B64C821B031019003702AC /* TypeCollection.h */,
			);
			path = Cpp_Study_Ex150513;
			sourceTree = "<group>";
		};
/* End PBXGroup section */

/* Begin PBXNativeTarget section */
		59B64C711B030ECD003702AC /* Cpp_Study_Ex150513 */ = {
			isa = PBXNativeTarget;
			buildConfigurationList = 59B64C791B030ECD003702AC /* Build configuration list for PBXNativeTarget "Cpp_Study_Ex150513" */;
			buildPhases = (
				59B64C6E1B030ECD003702AC /* Sources */,
				59B64C6F1B030ECD003702AC /* Frameworks */,
				59B64C701B030ECD003702AC /* CopyFiles */,
			);
			buildRules = (
			);
			dependencies = (
			);
			name = Cpp_Study_Ex150513;
			productName = Cpp_Study_Ex150513;
			productReference = 59B64C721B030ECD003702AC /* Cpp_Study_Ex150513 */;
			productType = "com.apple.product-type.tool";
		};
/* End PBXNativeTarget section */

/* Begin PBXProject section */
		59B64C6A1B030ECD003702AC /* Project object */ = {
			isa = PBXProject;
			attributes = {
				LastUpgradeCheck = 0630;
				ORGANIZATIONNAME = ShockRabbit;
				TargetAttributes = {
					59B64C711B030ECD003702AC = {
						CreatedOnToolsVersion = 6.3.1;
					};
				};
			};
			buildConfigurationList = 59B64C6D1B030ECD003702AC /* Build configuration list for PBXProject "Cpp_Study_Ex150513" */;
			compatibilityVersion = "Xcode 3.2";
			developmentRegion = English;
			hasScannedForEncodings = 0;
			knownRegions = (
				en,
			);
			mainGroup = 59B64C691B030ECD003702AC;
			productRefGroup = 59B64C731B030ECD003702AC /* Products */;
			projectDirPath = "";
			projectRoot = "";
			targets = (
				59B64C711B030ECD003702AC /* Cpp_Study_Ex150513 */,
			);
		};
/* End PBXProject section */

/* Begin PBXSourcesBuildPhase section */
		59B64C6E1B030ECD003702AC /* Sources */ = {
			isa = PBXSourcesBuildPhase;
			buildActionMask = 2147483647;
			files = (
				59B64C811B030FFD003702AC /* Student.cpp in Sources */,
				59B64C7E1B030FE0003702AC /* DrOh.cpp in Sources */,
				59B64C761B030ECD003702AC /* main.cpp in Sources */,
			);
			runOnlyForDeploymentPostprocessing = 0;
		};
/* End PBXSourcesBuildPhase section */

/* Begin XCBuildConfiguration section */
		59B64C771B030ECD003702AC /* Debug */ = {
			isa = XCBuildConfiguration;
			buildSettings = {
				ALWAYS_SEARCH_USER_PATHS = NO;
				CLANG_CXX_LANGUAGE_STANDARD = "gnu++0x";
				CLANG_CXX_LIBRARY = "libc++";
				CLANG_ENABLE_MODULES = YES;
				CLANG_ENABLE_OBJC_ARC = YES;
				CLANG_WARN_BOOL_CONVERSION = YES;
				CLANG_WARN_CONSTANT_CONVERSION = YES;
				CLANG_WARN_DIRECT_OBJC_ISA_USAGE = YES_ERROR;
				CLANG_WARN_EMPTY_BODY = YES;
				CLANG_WARN_ENUM_CONVERSION = YES;
				CLANG_WARN_INT_CONVERSION = YES;
				CLANG_WARN_OBJC_ROOT_CLASS = YES_ERROR;
				CLANG_WARN_UNREACHABLE_CODE = YES;
				CLANG_WARN__DUPLICATE_METHOD_MATCH = YES;
				COPY_PHASE_STRIP = NO;
				DEBUG_INFORMATION_FORMAT = dwarf;
				ENABLE_STRICT_OBJC_MSGSEND = YES;
				GCC_C_LANGUAGE_STANDARD = gnu99;
				GCC_DYNAMIC_NO_PIC = NO;
				GCC_NO_COMMON_BLOCKS = YES;
				GCC_OPTIMIZATION_LEVEL = 0;
				GCC_PREPROCESSOR_DEFINITIONS = (
					"DEBUG=1",
					"$(inherited)",
				);
				GCC_SYMBOLS_PRIVATE_EXTERN = NO;
				GCC_WARN_64_TO_32_BIT_CONVERSION = YES;
				GCC_WARN_ABOUT_RETURN_TYPE = YES_ERROR;
				GCC_WARN_UNDECLARED_SELECTOR = YES;
				GCC_WARN_UNINITIALIZED_AUTOS = YES_AGGRESSIVE;
				GCC_WARN_UNUSED_FUNCTION = YES;
				GCC_WARN_UNUSED_VARIABLE = YES;
				MACOSX_DEPLOYMENT_TARGET = 10.10;
				MTL_ENABLE_DEBUG_INFO = YES;
				ONLY_ACTIVE_ARCH = YES;
				SDKROOT = macosx;
			};
			name = Debug;
		};
		59B64C781B030ECD003702AC /* Release */ = {
			isa = XCBuildConfiguration;
			buildSettings = {
				ALWAYS_SEARCH_USER_PATHS = NO;
				CLANG_CXX_LANGUAGE_STANDARD = "gnu++0x";
				CLANG_CXX_LIBRARY = "libc++";
				CLANG_ENABLE_MODULES = YES;
				CLANG_ENABLE_OBJC_ARC = YES;
				CLANG_WARN_BOOL_CONVERSION = YES;
				CLANG_WARN_CONSTANT_CONVERSION = YES;
				CLANG_WARN_DIRECT_OBJC_ISA_USAGE = YES_ERROR;
				CLANG_WARN_EMPTY_BODY = YES;
				CLANG_WARN_ENUM_CONVERSION = YES;
				CLANG_WARN_INT_CONVERSION = YES;
				CLANG_WARN_OBJC_ROOT_CLASS = YES_ERROR;
				CLANG_WARN_UNREACHABLE_CODE = YES;
				CLANG_WARN__DUPLICATE_METHOD_MATCH = YES;
				COPY_PHASE_STRIP = NO;
				DEBUG_INFORMATION_FORMAT = "dwarf-with-dsym";
				ENABLE_NS_ASSERTIONS = NO;
				ENABLE_STRICT_OBJC_MSGSEND = YES;
				GCC_C_LANGUAGE_STANDARD = gnu99;
				GCC_NO_COMMON_BLOCKS = YES;
				GCC_WARN_64_TO_32_BIT_CONVERSION = YES;
				GCC_WARN_ABOUT_RETURN_TYPE = YES_ERROR;
				GCC_WARN_UNDECLARED_SELECTOR = YES;
				GCC_WARN_UNINITIALIZED_AUTOS = YES_AGGRESSIVE;
				GCC_WARN_UNUSED_FUNCTION = YES;
				GCC_WARN_UNUSED_VARIABLE = YES;
				MACOSX_DEPLOYMENT_TARGET = 10.10;
				MTL_ENABLE_DEBUG_INFO = NO;
				SDKROOT = macosx;
			};
			name = Release;
		};
		59B64C7A1B030ECD003702AC /* Debug */ = {
			isa = XCBuildConfiguration;
			buildSettings = {
				PRODUCT_NAME = "$(TARGET_NAME)";
			};
			name = Debug;
		};
		59B64C7B1B030ECD003702AC /* Release */ = {
			isa = XCBuildConfiguration;
			buildSettings = {
				PRODUCT_NAME = "$(TARGET_NAME)";
			};
			name = Release;
		};
/* End XCBuildConfiguration section */

/* Begin XCConfigurationList section */
		59B64C6D1B030ECD003702AC /* Build configuration list for PBXProject "Cpp_Study_Ex150513" */ = {
			isa = XCConfigurationList;
			buildConfigurations = (
				59B64C771B030ECD003702AC /* Debug */,
				59B64C781B030ECD003702AC /* Release */,
			);
			defaultConfigurationIsVisible = 0;
			defaultConfigurationName = Release;
		};
		59B64C791B030ECD003702AC /* Build configuration list for PBXNativeTarget "Cpp_Study_Ex150513" */ = {
			isa = XCConfigurationList;
			buildConfigurations = (
				59B64C7A1B030ECD003702AC /* Debug */,
				59B64C7B1B030ECD003702AC /* Release */,
			);
			defaultConfigurationIsVisible = 0;
		};
/* End XCConfigurationList section */
	};
	rootObject = 59B64C6A1B030ECD003702AC /* Project object */;
}
